schema: '2.0'
stages:
  train:
    cmd: python3 train.py
    deps:
    - path: data/winequality-red.csv
      hash: md5
      md5: c93f7f7379ba0279ab9f83e954216bde
      size: 91999
    - path: train.py
      hash: md5
      md5: 175835ca849a40472e5d4dee51d2f7e3
      size: 3586
    outs:
    - path: metrics.csv
      hash: md5
      md5: 3ff57088744c51543d4de8029abab56c
      size: 53
    - path: models/model.joblib
      hash: md5
      md5: 2d55d8c23f13363a4659109e69511a47
      size: 3434497
